
Microsoft Visual Studio Solution File, Format Version 12.00
# Visual Studio Version 16
VisualStudioVersion = 16.0.29009.5
MinimumVisualStudioVersion = 10.0.40219.1
Project("{FAE04EC0-301F-11D3-BF4B-00C04F79EFBC}") = "Aula018_Exercicio", "Aula018_Exercicio\Aula018_Exercicio.csproj", "{CF399CA0-1163-4474-9B37-E313CF271038}"
EndProject
Global
	GlobalSection(SolutionConfigurationPlatforms) = preSolution
		Debug|Any CPU = Debug|Any CPU
		Release|Any CPU = Release|Any CPU
	EndGlobalSection
	GlobalSection(ProjectConfigurationPlatforms) = postSolution
		{CF399CA0-1163-4474-9B37-E313CF271038}.Debug|Any CPU.ActiveCfg = Debug|Any CPU
		{CF399CA0-1163-4474-9B37-E313CF271038}.Debug|Any CPU.Build.0 = Debug|Any CPU
		{CF399CA0-1163-4474-9B37-E313CF271038}.Release|Any CPU.ActiveCfg = Release|Any CPU
		{CF399CA0-1163-4474-9B37-E313CF271038}.Release|Any CPU.Build.0 = Release|Any CPU
	EndGlobalSection
	GlobalSection(SolutionProperties) = preSolution
		HideSolutionNode = FALSE
	EndGlobalSection
	GlobalSection(ExtensibilityGlobals) = postSolution
		SolutionGuid = {8C5A0EB3-CC6E-4BCB-9781-166B5B7856E0}
	EndGlobalSection
EndGlobal
