
Microsoft Visual Studio Solution File, Format Version 12.00
# Visual Studio Version 16
VisualStudioVersion = 16.0.29009.5
MinimumVisualStudioVersion = 10.0.40219.1
Project("{FAE04EC0-301F-11D3-BF4B-00C04F79EFBC}") = "Aula024_Exercicio", "Aula024_Exercicio\Aula024_Exercicio.csproj", "{ABFCEE9F-E821-40BE-8D78-EEB44A3CECEB}"
EndProject
Global
	GlobalSection(SolutionConfigurationPlatforms) = preSolution
		Debug|Any CPU = Debug|Any CPU
		Release|Any CPU = Release|Any CPU
	EndGlobalSection
	GlobalSection(ProjectConfigurationPlatforms) = postSolution
		{ABFCEE9F-E821-40BE-8D78-EEB44A3CECEB}.Debug|Any CPU.ActiveCfg = Debug|Any CPU
		{ABFCEE9F-E821-40BE-8D78-EEB44A3CECEB}.Debug|Any CPU.Build.0 = Debug|Any CPU
		{ABFCEE9F-E821-40BE-8D78-EEB44A3CECEB}.Release|Any CPU.ActiveCfg = Release|Any CPU
		{ABFCEE9F-E821-40BE-8D78-EEB44A3CECEB}.Release|Any CPU.Build.0 = Release|Any CPU
	EndGlobalSection
	GlobalSection(SolutionProperties) = preSolution
		HideSolutionNode = FALSE
	EndGlobalSection
	GlobalSection(ExtensibilityGlobals) = postSolution
		SolutionGuid = {C589DD55-CD4A-4248-9541-98890C9B9B29}
	EndGlobalSection
EndGlobal
