
Microsoft Visual Studio Solution File, Format Version 12.00
# Visual Studio Version 16
VisualStudioVersion = 16.0.29009.5
MinimumVisualStudioVersion = 10.0.40219.1
Project("{FAE04EC0-301F-11D3-BF4B-00C04F79EFBC}") = "course", "course\course.csproj", "{17E81BA9-9A42-4636-9935-2FBFF862F965}"
EndProject
Global
	GlobalSection(SolutionConfigurationPlatforms) = preSolution
		Debug|Any CPU = Debug|Any CPU
		Release|Any CPU = Release|Any CPU
	EndGlobalSection
	GlobalSection(ProjectConfigurationPlatforms) = postSolution
		{17E81BA9-9A42-4636-9935-2FBFF862F965}.Debug|Any CPU.ActiveCfg = Debug|Any CPU
		{17E81BA9-9A42-4636-9935-2FBFF862F965}.Debug|Any CPU.Build.0 = Debug|Any CPU
		{17E81BA9-9A42-4636-9935-2FBFF862F965}.Release|Any CPU.ActiveCfg = Release|Any CPU
		{17E81BA9-9A42-4636-9935-2FBFF862F965}.Release|Any CPU.Build.0 = Release|Any CPU
	EndGlobalSection
	GlobalSection(SolutionProperties) = preSolution
		HideSolutionNode = FALSE
	EndGlobalSection
	GlobalSection(ExtensibilityGlobals) = postSolution
		SolutionGuid = {BE34D147-3AC8-4F25-BD65-F876DEFD1AC2}
	EndGlobalSection
EndGlobal
